
Microsoft Visual Studio Solution File, Format Version 12.00
# Visual Studio Version 16
VisualStudioVersion = 16.0.30114.105
MinimumVisualStudioVersion = 10.0.40219.1
Project("{2150E333-8FDC-42A3-9474-1A3956D46DE8}") = "src", "src", "{959900CC-4354-4E36-964F-5A6E902C2AA0}"
EndProject
Project("{FAE04EC0-301F-11D3-BF4B-00C04F79EFBC}") = "Simpleapi", "src\Simpleapi\Simpleapi.csproj", "{8D2D1F69-0E81-481C-86BA-4F1C8BF74932}"
EndProject
Project("{2150E333-8FDC-42A3-9474-1A3956D46DE8}") = "test", "test", "{645BE37C-D4BD-460E-B143-AC2E3D8A152F}"
EndProject
Project("{FAE04EC0-301F-11D3-BF4B-00C04F79EFBC}") = "Simpleapi.test", "test\Simpleapi.test\Simpleapi.test.csproj", "{F41B3EB0-8BD9-4323-901F-2ECCB40F8E18}"
EndProject
Global
	GlobalSection(SolutionConfigurationPlatforms) = preSolution
		Debug|Any CPU = Debug|Any CPU
		Release|Any CPU = Release|Any CPU
	EndGlobalSection
	GlobalSection(SolutionProperties) = preSolution
		HideSolutionNode = FALSE
	EndGlobalSection
	GlobalSection(ProjectConfigurationPlatforms) = postSolution
		{8D2D1F69-0E81-481C-86BA-4F1C8BF74932}.Debug|Any CPU.ActiveCfg = Debug|Any CPU
		{8D2D1F69-0E81-481C-86BA-4F1C8BF74932}.Debug|Any CPU.Build.0 = Debug|Any CPU
		{8D2D1F69-0E81-481C-86BA-4F1C8BF74932}.Release|Any CPU.ActiveCfg = Release|Any CPU
		{8D2D1F69-0E81-481C-86BA-4F1C8BF74932}.Release|Any CPU.Build.0 = Release|Any CPU
		{F41B3EB0-8BD9-4323-901F-2ECCB40F8E18}.Debug|Any CPU.ActiveCfg = Debug|Any CPU
		{F41B3EB0-8BD9-4323-901F-2ECCB40F8E18}.Debug|Any CPU.Build.0 = Debug|Any CPU
		{F41B3EB0-8BD9-4323-901F-2ECCB40F8E18}.Release|Any CPU.ActiveCfg = Release|Any CPU
		{F41B3EB0-8BD9-4323-901F-2ECCB40F8E18}.Release|Any CPU.Build.0 = Release|Any CPU
	EndGlobalSection
	GlobalSection(NestedProjects) = preSolution
		{8D2D1F69-0E81-481C-86BA-4F1C8BF74932} = {959900CC-4354-4E36-964F-5A6E902C2AA0}
		{F41B3EB0-8BD9-4323-901F-2ECCB40F8E18} = {645BE37C-D4BD-460E-B143-AC2E3D8A152F}
	EndGlobalSection
EndGlobal
